{
  "object": {
    "pins": [
      {
        "package": "CircuitBreaker",
        "repositoryURL": "https://github.com/IBM-Swift/CircuitBreaker.git",
        "state": {
          "branch": null,
          "revision": "7f6fe4ced83ddea67ac59f86724638d4e1619039",
          "version": "2.0.1"
        }
      },
      {
        "package": "LoggerAPI",
        "repositoryURL": "https://github.com/IBM-Swift/LoggerAPI.git",
        "state": {
          "branch": null,
          "revision": "6b62fe66da9b8794d6581e5c341710eea3173cd4",
          "version": "1.7.1"
        }
      },
      {
        "package": "SwiftyRequest",
        "repositoryURL": "https://github.com/IBM-Swift/SwiftyRequest.git",
        "state": {
          "branch": null,
          "revision": "117899d839a884bf49704634a2029870fec779c1",
          "version": "0.0.1"
        }
      }
    ]
  },
  "version": 1
}
